
Microsoft Visual Studio Solution File, Format Version 12.00
# Visual Studio Version 16
VisualStudioVersion = 16.0.29009.5
MinimumVisualStudioVersion = 10.0.40219.1
Project("{FAE04EC0-301F-11D3-BF4B-00C04F79EFBC}") = "Lugat.Api", "Lugat.Api\Lugat.Api.csproj", "{2C3DF672-171C-4C2C-9015-4F9BC4EB977A}"
EndProject
Global
	GlobalSection(SolutionConfigurationPlatforms) = preSolution
		Debug|Any CPU = Debug|Any CPU
		Release|Any CPU = Release|Any CPU
	EndGlobalSection
	GlobalSection(ProjectConfigurationPlatforms) = postSolution
		{2C3DF672-171C-4C2C-9015-4F9BC4EB977A}.Debug|Any CPU.ActiveCfg = Debug|Any CPU
		{2C3DF672-171C-4C2C-9015-4F9BC4EB977A}.Debug|Any CPU.Build.0 = Debug|Any CPU
		{2C3DF672-171C-4C2C-9015-4F9BC4EB977A}.Release|Any CPU.ActiveCfg = Release|Any CPU
		{2C3DF672-171C-4C2C-9015-4F9BC4EB977A}.Release|Any CPU.Build.0 = Release|Any CPU
	EndGlobalSection
	GlobalSection(SolutionProperties) = preSolution
		HideSolutionNode = FALSE
	EndGlobalSection
	GlobalSection(ExtensibilityGlobals) = postSolution
		SolutionGuid = {B9DCD9B5-40CF-4D40-828C-0A0A4218D48F}
	EndGlobalSection
EndGlobal
